
Microsoft Visual Studio Solution File, Format Version 12.00
# Visual Studio Version 17
VisualStudioVersion = 17.0.31903.59
MinimumVisualStudioVersion = 10.0.40219.1
Project("{2150E333-8FDC-42A3-9474-1A3956D46DE8}") = "src", "src", "{B0BD278A-34D9-43C9-9B5B-C9875F74F4B5}"
EndProject
Project("{FAE04EC0-301F-11D3-BF4B-00C04F79EFBC}") = "AStar.Web", "src\AStar.Web\AStar.Web.csproj", "{E1BA9FBD-97AF-4B9F-9F4C-A8B4E5F7ACD1}"
EndProject
Project("{2150E333-8FDC-42A3-9474-1A3956D46DE8}") = "tests", "tests", "{0C6DF794-5F2F-4782-B3DA-8D8692E8E1E8}"
EndProject
Project("{2150E333-8FDC-42A3-9474-1A3956D46DE8}") = "unit", "unit", "{8B65A38E-EBF0-4DEE-845A-4B523ACB442A}"
EndProject
Project("{FAE04EC0-301F-11D3-BF4B-00C04F79EFBC}") = "AStar.Web.Unit.Tests", "tests\unit\AStar.Web.Unit.Tests\AStar.Web.Unit.Tests.csproj", "{062DE462-24B1-4933-AF79-99BCA88EAF6A}"
EndProject
Project("{2150E333-8FDC-42A3-9474-1A3956D46DE8}") = "integration", "integration", "{1833DFEB-1884-4A15-A6EA-BF69360749DA}"
EndProject
Project("{FAE04EC0-301F-11D3-BF4B-00C04F79EFBC}") = "AStar.Web.Integration.Tests", "tests\integration\AStar.Web.Integration.Tests\AStar.Web.Integration.Tests.csproj", "{CDE2034A-E188-4585-9419-123F9FD93899}"
EndProject
Global
	GlobalSection(SolutionConfigurationPlatforms) = preSolution
		Debug|Any CPU = Debug|Any CPU
		Release|Any CPU = Release|Any CPU
	EndGlobalSection
	GlobalSection(SolutionProperties) = preSolution
		HideSolutionNode = FALSE
	EndGlobalSection
	GlobalSection(ProjectConfigurationPlatforms) = postSolution
		{E1BA9FBD-97AF-4B9F-9F4C-A8B4E5F7ACD1}.Debug|Any CPU.ActiveCfg = Debug|Any CPU
		{E1BA9FBD-97AF-4B9F-9F4C-A8B4E5F7ACD1}.Debug|Any CPU.Build.0 = Debug|Any CPU
		{E1BA9FBD-97AF-4B9F-9F4C-A8B4E5F7ACD1}.Release|Any CPU.ActiveCfg = Release|Any CPU
		{E1BA9FBD-97AF-4B9F-9F4C-A8B4E5F7ACD1}.Release|Any CPU.Build.0 = Release|Any CPU
		{062DE462-24B1-4933-AF79-99BCA88EAF6A}.Debug|Any CPU.ActiveCfg = Debug|Any CPU
		{062DE462-24B1-4933-AF79-99BCA88EAF6A}.Debug|Any CPU.Build.0 = Debug|Any CPU
		{062DE462-24B1-4933-AF79-99BCA88EAF6A}.Release|Any CPU.ActiveCfg = Release|Any CPU
		{062DE462-24B1-4933-AF79-99BCA88EAF6A}.Release|Any CPU.Build.0 = Release|Any CPU
		{CDE2034A-E188-4585-9419-123F9FD93899}.Debug|Any CPU.ActiveCfg = Debug|Any CPU
		{CDE2034A-E188-4585-9419-123F9FD93899}.Debug|Any CPU.Build.0 = Debug|Any CPU
		{CDE2034A-E188-4585-9419-123F9FD93899}.Release|Any CPU.ActiveCfg = Release|Any CPU
		{CDE2034A-E188-4585-9419-123F9FD93899}.Release|Any CPU.Build.0 = Release|Any CPU
	EndGlobalSection
	GlobalSection(NestedProjects) = preSolution
		{E1BA9FBD-97AF-4B9F-9F4C-A8B4E5F7ACD1} = {B0BD278A-34D9-43C9-9B5B-C9875F74F4B5}
		{8B65A38E-EBF0-4DEE-845A-4B523ACB442A} = {0C6DF794-5F2F-4782-B3DA-8D8692E8E1E8}
		{062DE462-24B1-4933-AF79-99BCA88EAF6A} = {8B65A38E-EBF0-4DEE-845A-4B523ACB442A}
		{1833DFEB-1884-4A15-A6EA-BF69360749DA} = {0C6DF794-5F2F-4782-B3DA-8D8692E8E1E8}
		{CDE2034A-E188-4585-9419-123F9FD93899} = {1833DFEB-1884-4A15-A6EA-BF69360749DA}
	EndGlobalSection
EndGlobal
